
Microsoft Visual Studio Solution File, Format Version 12.00
# Visual Studio Version 16
VisualStudioVersion = 16.0.31624.102
MinimumVisualStudioVersion = 10.0.40219.1
Project("{FAE04EC0-301F-11D3-BF4B-00C04F79EFBC}") = "UIComponentLibrary", "UIComponentLibrary.csproj", "{124BB08D-1E15-452F-933F-F6A85394048F}"
EndProject
Global
	GlobalSection(SolutionConfigurationPlatforms) = preSolution
		Debug|Any CPU = Debug|Any CPU
		Release|Any CPU = Release|Any CPU
	EndGlobalSection
	GlobalSection(ProjectConfigurationPlatforms) = postSolution
		{124BB08D-1E15-452F-933F-F6A85394048F}.Debug|Any CPU.ActiveCfg = Debug|Any CPU
		{124BB08D-1E15-452F-933F-F6A85394048F}.Debug|Any CPU.Build.0 = Debug|Any CPU
		{124BB08D-1E15-452F-933F-F6A85394048F}.Release|Any CPU.ActiveCfg = Release|Any CPU
		{124BB08D-1E15-452F-933F-F6A85394048F}.Release|Any CPU.Build.0 = Release|Any CPU
	EndGlobalSection
	GlobalSection(SolutionProperties) = preSolution
		HideSolutionNode = FALSE
	EndGlobalSection
	GlobalSection(ExtensibilityGlobals) = postSolution
		SolutionGuid = {14BD701D-59BD-4CBC-8579-C81BCB3FBDDD}
	EndGlobalSection
EndGlobal
